{
  "name": "live-demo",
  "version": "1.0.0",
  "lockfileVersion": 1,
  "requires": true,
  "dependencies": {
    "hellojs": {
      "version": "1.18.6",
      "resolved": "https://registry.npmjs.org/hellojs/-/hellojs-1.18.6.tgz",
      "integrity": "sha512-xt2zI4w9e6pxNP/WHrHME5Shaex2HuUIni7ZZ1EeqvTTDUd3FOaWdmDKUSRmQgw3LFv06bUi3mVWwGuM5pOtrw=="
    }
  }
}
