{
  "name": "live-demo",
  "version": "1.0.0",
  "lockfileVersion": 1,
  "requires": true,
  "dependencies": {
    "hellojs": {
      "version": "1.18.4",
      "resolved": "https://registry.npmjs.org/hellojs/-/hellojs-1.18.4.tgz",
      "integrity": "sha512-h9s7cYE5TlojfgPtdMDXWAyYInQuBCC21jL9TwJGY3NN6wYOw4B83NrEC4p+R015kndQAqZamWe/VolOaQrLeQ=="
    }
  }
}
